
Microsoft Visual Studio Solution File, Format Version 12.00
# Visual Studio Version 17
VisualStudioVersion = 17.3.32811.315
MinimumVisualStudioVersion = 10.0.40219.1
Project("{9A19103F-16F7-4668-BE54-9A1E7A4F7556}") = "StackDemo", "StackDemo.csproj", "{75084045-09DB-40B1-9800-245623E4CA39}"
EndProject
Global
	GlobalSection(SolutionConfigurationPlatforms) = preSolution
		Debug|Any CPU = Debug|Any CPU
		Release|Any CPU = Release|Any CPU
	EndGlobalSection
	GlobalSection(ProjectConfigurationPlatforms) = postSolution
		{75084045-09DB-40B1-9800-245623E4CA39}.Debug|Any CPU.ActiveCfg = Debug|Any CPU
		{75084045-09DB-40B1-9800-245623E4CA39}.Debug|Any CPU.Build.0 = Debug|Any CPU
		{75084045-09DB-40B1-9800-245623E4CA39}.Release|Any CPU.ActiveCfg = Release|Any CPU
		{75084045-09DB-40B1-9800-245623E4CA39}.Release|Any CPU.Build.0 = Release|Any CPU
	EndGlobalSection
	GlobalSection(SolutionProperties) = preSolution
		HideSolutionNode = FALSE
	EndGlobalSection
	GlobalSection(ExtensibilityGlobals) = postSolution
		SolutionGuid = {0113D91A-74E8-4832-A3B8-A5FB9596B32E}
	EndGlobalSection
EndGlobal
